// !$*UTF8*$!
{
	archiveVersion = 1;
	classes = {
	};
	objectVersion = 50;
	objects = {

/* Begin PBXBuildFile section */
		C451F56A2539A2F80002AA7E /* AppDelegate.swift in Sources */ = {isa = PBXBuildFile; fileRef = C451F5692539A2F80002AA7E /* AppDelegate.swift */; };
		C451F56C2539A2F80002AA7E /* ViewController.swift in Sources */ = {isa = PBXBuildFile; fileRef = C451F56B2539A2F80002AA7E /* ViewController.swift */; };
		C451F56E2539A2FA0002AA7E /* Assets.xcassets in Resources */ = {isa = PBXBuildFile; fileRef = C451F56D2539A2FA0002AA7E /* Assets.xcassets */; };
		C451F5712539A2FA0002AA7E /* Main.storyboard in Resources */ = {isa = PBXBuildFile; fileRef = C451F56F2539A2FA0002AA7E /* Main.storyboard */; };
		C451F57D2539A2FB0002AA7E /* test3Tests.swift in Sources */ = {isa = PBXBuildFile; fileRef = C451F57C2539A2FB0002AA7E /* test3Tests.swift */; };
		C451F5882539A2FB0002AA7E /* test3UITests.swift in Sources */ = {isa = PBXBuildFile; fileRef = C451F5872539A2FB0002AA7E /* test3UITests.swift */; };
/* End PBXBuildFile section */

/* Begin PBXContainerItemProxy section */
		C451F5792539A2FB0002AA7E /* PBXContainerItemProxy */ = {
			isa = PBXContainerItemProxy;
			containerPortal = C451F55E2539A2F80002AA7E /* Project object */;
			proxyType = 1;
			remoteGlobalIDString = C451F5652539A2F80002AA7E;
			remoteInfo = test3;
		};
		C451F5842539A2FB0002AA7E /* PBXContainerItemProxy */ = {
			isa = PBXContainerItemProxy;
			containerPortal = C451F55E2539A2F80002AA7E /* Project object */;
			proxyType = 1;
			remoteGlobalIDString = C451F5652539A2F80002AA7E;
			remoteInfo = test3;
		};
/* End PBXContainerItemProxy section */

/* Begin PBXFileReference section */
		C451F5662539A2F80002AA7E /* test3.app */ = {isa = PBXFileReference; explicitFileType = wrapper.application; includeInIndex = 0; path = test3.app; sourceTree = BUILT_PRODUCTS_DIR; };
		C451F5692539A2F80002AA7E /* AppDelegate.swift */ = {isa = PBXFileReference; lastKnownFileType = sourcecode.swift; path = AppDelegate.swift; sourceTree = "<group>"; };
		C451F56B2539A2F80002AA7E /* ViewController.swift */ = {isa = PBXFileReference; lastKnownFileType = sourcecode.swift; path = ViewController.swift; sourceTree = "<group>"; };
		C451F56D2539A2FA0002AA7E /* Assets.xcassets */ = {isa = PBXFileReference; lastKnownFileType = folder.assetcatalog; path = Assets.xcassets; sourceTree = "<group>"; };
		C451F5702539A2FA0002AA7E /* Base */ = {isa = PBXFileReference; lastKnownFileType = file.storyboard; name = Base; path = Base.lproj/Main.storyboard; sourceTree = "<group>"; };
		C451F5722539A2FA0002AA7E /* Info.plist */ = {isa = PBXFileReference; lastKnownFileType = text.plist.xml; path = Info.plist; sourceTree = "<group>"; };
		C451F5732539A2FA0002AA7E /* test3.entitlements */ = {isa = PBXFileReference; lastKnownFileType = text.plist.entitlements; path = test3.entitlements; sourceTree = "<group>"; };
		C451F5782539A2FB0002AA7E /* test3Tests.xctest */ = {isa = PBXFileReference; explicitFileType = wrapper.cfbundle; includeInIndex = 0; path = test3Tests.xctest; sourceTree = BUILT_PRODUCTS_DIR; };
		C451F57C2539A2FB0002AA7E /* test3Tests.swift */ = {isa = PBXFileReference; lastKnownFileType = sourcecode.swift; path = test3Tests.swift; sourceTree = "<group>"; };
		C451F57E2539A2FB0002AA7E /* Info.plist */ = {isa = PBXFileReference; lastKnownFileType = text.plist.xml; path = Info.plist; sourceTree = "<group>"; };
		C451F5832539A2FB0002AA7E /* test3UITests.xctest */ = {isa = PBXFileReference; explicitFileType = wrapper.cfbundle; includeInIndex = 0; path = test3UITests.xctest; sourceTree = BUILT_PRODUCTS_DIR; };
		C451F5872539A2FB0002AA7E /* test3UITests.swift */ = {isa = PBXFileReference; lastKnownFileType = sourcecode.swift; path = test3UITests.swift; sourceTree = "<group>"; };
		C451F5892539A2FB0002AA7E /* Info.plist */ = {isa = PBXFileReference; lastKnownFileType = text.plist.xml; path = Info.plist; sourceTree = "<group>"; };
/* End PBXFileReference section */

/* Begin PBXFrameworksBuildPhase section */
		C451F5632539A2F80002AA7E /* Frameworks */ = {
			isa = PBXFrameworksBuildPhase;
			buildActionMask = 2147483647;
			files = (
			);
			runOnlyForDeploymentPostprocessing = 0;
		};
		C451F5752539A2FB0002AA7E /* Frameworks */ = {
			isa = PBXFrameworksBuildPhase;
			buildActionMask = 2147483647;
			files = (
			);
			runOnlyForDeploymentPostprocessing = 0;
		};
		C451F5802539A2FB0002AA7E /* Frameworks */ = {
			isa = PBXFrameworksBuildPhase;
			buildActionMask = 2147483647;
			files = (
			);
			runOnlyForDeploymentPostprocessing = 0;
		};
/* End PBXFrameworksBuildPhase section */

/* Begin PBXGroup section */
		C451F55D2539A2F80002AA7E = {
			isa = PBXGroup;
			children = (
				C451F5682539A2F80002AA7E /* test3 */,
				C451F57B2539A2FB0002AA7E /* test3Tests */,
				C451F5862539A2FB0002AA7E /* test3UITests */,
				C451F5672539A2F80002AA7E /* Products */,
			);
			sourceTree = "<group>";
		};
		C451F5672539A2F80002AA7E /* Products */ = {
			isa = PBXGroup;
			children = (
				C451F5662539A2F80002AA7E /* test3.app */,
				C451F5782539A2FB0002AA7E /* test3Tests.xctest */,
				C451F5832539A2FB0002AA7E /* test3UITests.xctest */,
			);
			name = Products;
			sourceTree = "<group>";
		};
		C451F5682539A2F80002AA7E /* test3 */ = {
			isa = PBXGroup;
			children = (
				C451F5692539A2F80002AA7E /* AppDelegate.swift */,
				C451F56B2539A2F80002AA7E /* ViewController.swift */,
				C451F56D2539A2FA0002AA7E /* Assets.xcassets */,
				C451F56F2539A2FA0002AA7E /* Main.storyboard */,
				C451F5722539A2FA0002AA7E /* Info.plist */,
				C451F5732539A2FA0002AA7E /* test3.entitlements */,
			);
			path = test3;
			sourceTree = "<group>";
		};
		C451F57B2539A2FB0002AA7E /* test3Tests */ = {
			isa = PBXGroup;
			children = (
				C451F57C2539A2FB0002AA7E /* test3Tests.swift */,
				C451F57E2539A2FB0002AA7E /* Info.plist */,
			);
			path = test3Tests;
			sourceTree = "<group>";
		};
		C451F5862539A2FB0002AA7E /* test3UITests */ = {
			isa = PBXGroup;
			children = (
				C451F5872539A2FB0002AA7E /* test3UITests.swift */,
				C451F5892539A2FB0002AA7E /* Info.plist */,
			);
			path = test3UITests;
			sourceTree = "<group>";
		};
/* End PBXGroup section */

/* Begin PBXNativeTarget section */
		C451F5652539A2F80002AA7E /* test3 */ = {
			isa = PBXNativeTarget;
			buildConfigurationList = C451F58C2539A2FB0002AA7E /* Build configuration list for PBXNativeTarget "test3" */;
			buildPhases = (
				C451F5622539A2F80002AA7E /* Sources */,
				C451F5632539A2F80002AA7E /* Frameworks */,
				C451F5642539A2F80002AA7E /* Resources */,
			);
			buildRules = (
			);
			dependencies = (
			);
			name = test3;
			productName = test3;
			productReference = C451F5662539A2F80002AA7E /* test3.app */;
			productType = "com.apple.product-type.application";
		};
		C451F5772539A2FB0002AA7E /* test3Tests */ = {
			isa = PBXNativeTarget;
			buildConfigurationList = C451F58F2539A2FB0002AA7E /* Build configuration list for PBXNativeTarget "test3Tests" */;
			buildPhases = (
				C451F5742539A2FB0002AA7E /* Sources */,
				C451F5752539A2FB0002AA7E /* Frameworks */,
				C451F5762539A2FB0002AA7E /* Resources */,
			);
			buildRules = (
			);
			dependencies = (
				C451F57A2539A2FB0002AA7E /* PBXTargetDependency */,
			);
			name = test3Tests;
			productName = test3Tests;
			productReference = C451F5782539A2FB0002AA7E /* test3Tests.xctest */;
			productType = "com.apple.product-type.bundle.unit-test";
		};
		C451F5822539A2FB0002AA7E /* test3UITests */ = {
			isa = PBXNativeTarget;
			buildConfigurationList = C451F5922539A2FB0002AA7E /* Build configuration list for PBXNativeTarget "test3UITests" */;
			buildPhases = (
				C451F57F2539A2FB0002AA7E /* Sources */,
				C451F5802539A2FB0002AA7E /* Frameworks */,
				C451F5812539A2FB0002AA7E /* Resources */,
			);
			buildRules = (
			);
			dependencies = (
				C451F5852539A2FB0002AA7E /* PBXTargetDependency */,
			);
			name = test3UITests;
			productName = test3UITests;
			productReference = C451F5832539A2FB0002AA7E /* test3UITests.xctest */;
			productType = "com.apple.product-type.bundle.ui-testing";
		};
/* End PBXNativeTarget section */

/* Begin PBXProject section */
		C451F55E2539A2F80002AA7E /* Project object */ = {
			isa = PBXProject;
			attributes = {
				LastSwiftUpdateCheck = 1200;
				LastUpgradeCheck = 1200;
				TargetAttributes = {
					C451F5652539A2F80002AA7E = {
						CreatedOnToolsVersion = 12.0.1;
					};
					C451F5772539A2FB0002AA7E = {
						CreatedOnToolsVersion = 12.0.1;
						TestTargetID = C451F5652539A2F80002AA7E;
					};
					C451F5822539A2FB0002AA7E = {
						CreatedOnToolsVersion = 12.0.1;
						TestTargetID = C451F5652539A2F80002AA7E;
					};
				};
			};
			buildConfigurationList = C451F5612539A2F80002AA7E /* Build configuration list for PBXProject "test3" */;
			compatibilityVersion = "Xcode 9.3";
			developmentRegion = en;
			hasScannedForEncodings = 0;
			knownRegions = (
				en,
				Base,
			);
			mainGroup = C451F55D2539A2F80002AA7E;
			productRefGroup = C451F5672539A2F80002AA7E /* Products */;
			projectDirPath = "";
			projectRoot = "";
			targets = (
				C451F5652539A2F80002AA7E /* test3 */,
				C451F5772539A2FB0002AA7E /* test3Tests */,
				C451F5822539A2FB0002AA7E /* test3UITests */,
			);
		};
/* End PBXProject section */

/* Begin PBXResourcesBuildPhase section */
		C451F5642539A2F80002AA7E /* Resources */ = {
			isa = PBXResourcesBuildPhase;
			buildActionMask = 2147483647;
			files = (
				C451F56E2539A2FA0002AA7E /* Assets.xcassets in Resources */,
				C451F5712539A2FA0002AA7E /* Main.storyboard in Resources */,
			);
			runOnlyForDeploymentPostprocessing = 0;
		};
		C451F5762539A2FB0002AA7E /* Resources */ = {
			isa = PBXResourcesBuildPhase;
			buildActionMask = 2147483647;
			files = (
			);
			runOnlyForDeploymentPostprocessing = 0;
		};
		C451F5812539A2FB0002AA7E /* Resources */ = {
			isa = PBXResourcesBuildPhase;
			buildActionMask = 2147483647;
			files = (
			);
			runOnlyForDeploymentPostprocessing = 0;
		};
/* End PBXResourcesBuildPhase section */

/* Begin PBXSourcesBuildPhase section */
		C451F5622539A2F80002AA7E /* Sources */ = {
			isa = PBXSourcesBuildPhase;
			buildActionMask = 2147483647;
			files = (
				C451F56C2539A2F80002AA7E /* ViewController.swift in Sources */,
				C451F56A2539A2F80002AA7E /* AppDelegate.swift in Sources */,
			);
			runOnlyForDeploymentPostprocessing = 0;
		};
		C451F5742539A2FB0002AA7E /* Sources */ = {
			isa = PBXSourcesBuildPhase;
			buildActionMask = 2147483647;
			files = (
				C451F57D2539A2FB0002AA7E /* test3Tests.swift in Sources */,
			);
			runOnlyForDeploymentPostprocessing = 0;
		};
		C451F57F2539A2FB0002AA7E /* Sources */ = {
			isa = PBXSourcesBuildPhase;
			buildActionMask = 2147483647;
			files = (
				C451F5882539A2FB0002AA7E /* test3UITests.swift in Sources */,
			);
			runOnlyForDeploymentPostprocessing = 0;
		};
/* End PBXSourcesBuildPhase section */

/* Begin PBXTargetDependency section */
		C451F57A2539A2FB0002AA7E /* PBXTargetDependency */ = {
			isa = PBXTargetDependency;
			target = C451F5652539A2F80002AA7E /* test3 */;
			targetProxy = C451F5792539A2FB0002AA7E /* PBXContainerItemProxy */;
		};
		C451F5852539A2FB0002AA7E /* PBXTargetDependency */ = {
			isa = PBXTargetDependency;
			target = C451F5652539A2F80002AA7E /* test3 */;
			targetProxy = C451F5842539A2FB0002AA7E /* PBXContainerItemProxy */;
		};
/* End PBXTargetDependency section */

/* Begin PBXVariantGroup section */
		C451F56F2539A2FA0002AA7E /* Main.storyboard */ = {
			isa = PBXVariantGroup;
			children = (
				C451F5702539A2FA0002AA7E /* Base */,
			);
			name = Main.storyboard;
			sourceTree = "<group>";
		};
/* End PBXVariantGroup section */

/* Begin XCBuildConfiguration section */
		C451F58A2539A2FB0002AA7E /* Debug */ = {
			isa = XCBuildConfiguration;
			buildSettings = {
				ALWAYS_SEARCH_USER_PATHS = NO;
				CLANG_ANALYZER_NONNULL = YES;
				CLANG_ANALYZER_NUMBER_OBJECT_CONVERSION = YES_AGGRESSIVE;
				CLANG_CXX_LANGUAGE_STANDARD = "gnu++14";
				CLANG_CXX_LIBRARY = "libc++";
				CLANG_ENABLE_MODULES = YES;
				CLANG_ENABLE_OBJC_ARC = YES;
				CLANG_ENABLE_OBJC_WEAK = YES;
				CLANG_WARN_BLOCK_CAPTURE_AUTORELEASING = YES;
				CLANG_WARN_BOOL_CONVERSION = YES;
				CLANG_WARN_COMMA = YES;
				CLANG_WARN_CONSTANT_CONVERSION = YES;
				CLANG_WARN_DEPRECATED_OBJC_IMPLEMENTATIONS = YES;
				CLANG_WARN_DIRECT_OBJC_ISA_USAGE = YES_ERROR;
				CLANG_WARN_DOCUMENTATION_COMMENTS = YES;
				CLANG_WARN_EMPTY_BODY = YES;
				CLANG_WARN_ENUM_CONVERSION = YES;
				CLANG_WARN_INFINITE_RECURSION = YES;
				CLANG_WARN_INT_CONVERSION = YES;
				CLANG_WARN_NON_LITERAL_NULL_CONVERSION = YES;
				CLANG_WARN_OBJC_IMPLICIT_RETAIN_SELF = YES;
				CLANG_WARN_OBJC_LITERAL_CONVERSION = YES;
				CLANG_WARN_OBJC_ROOT_CLASS = YES_ERROR;
				CLANG_WARN_QUOTED_INCLUDE_IN_FRAMEWORK_HEADER = YES;
				CLANG_WARN_RANGE_LOOP_ANALYSIS = YES;
				CLANG_WARN_STRICT_PROTOTYPES = YES;
				CLANG_WARN_SUSPICIOUS_MOVE = YES;
				CLANG_WARN_UNGUARDED_AVAILABILITY = YES_AGGRESSIVE;
				CLANG_WARN_UNREACHABLE_CODE = YES;
				CLANG_WARN__DUPLICATE_METHOD_MATCH = YES;
				COPY_PHASE_STRIP = NO;
				DEBUG_INFORMATION_FORMAT = dwarf;
				ENABLE_STRICT_OBJC_MSGSEND = YES;
				ENABLE_TESTABILITY = YES;
				GCC_C_LANGUAGE_STANDARD = gnu11;
				GCC_DYNAMIC_NO_PIC = NO;
				GCC_NO_COMMON_BLOCKS = YES;
				GCC_OPTIMIZATION_LEVEL = 0;
				GCC_PREPROCESSOR_DEFINITIONS = (
					"DEBUG=1",
					"$(inherited)",
				);
				GCC_WARN_64_TO_32_BIT_CONVERSION = YES;
				GCC_WARN_ABOUT_RETURN_TYPE = YES_ERROR;
				GCC_WARN_UNDECLARED_SELECTOR = YES;
				GCC_WARN_UNINITIALIZED_AUTOS = YES_AGGRESSIVE;
				GCC_WARN_UNUSED_FUNCTION = YES;
				GCC_WARN_UNUSED_VARIABLE = YES;
				MACOSX_DEPLOYMENT_TARGET = 10.15;
				MTL_ENABLE_DEBUG_INFO = INCLUDE_SOURCE;
				MTL_FAST_MATH = YES;
				ONLY_ACTIVE_ARCH = YES;
				SDKROOT = macosx;
				SWIFT_ACTIVE_COMPILATION_CONDITIONS = DEBUG;
				SWIFT_OPTIMIZATION_LEVEL = "-Onone";
			};
			name = Debug;
		};
		C451F58B2539A2FB0002AA7E /* Release */ = {
			isa = XCBuildConfiguration;
			buildSettings = {
				ALWAYS_SEARCH_USER_PATHS = NO;
				CLANG_ANALYZER_NONNULL = YES;
				CLANG_ANALYZER_NUMBER_OBJECT_CONVERSION = YES_AGGRESSIVE;
				CLANG_CXX_LANGUAGE_STANDARD = "gnu++14";
				CLANG_CXX_LIBRARY = "libc++";
				CLANG_ENABLE_MODULES = YES;
				CLANG_ENABLE_OBJC_ARC = YES;
				CLANG_ENABLE_OBJC_WEAK = YES;
				CLANG_WARN_BLOCK_CAPTURE_AUTORELEASING = YES;
				CLANG_WARN_BOOL_CONVERSION = YES;
				CLANG_WARN_COMMA = YES;
				CLANG_WARN_CONSTANT_CONVERSION = YES;
				CLANG_WARN_DEPRECATED_OBJC_IMPLEMENTATIONS = YES;
				CLANG_WARN_DIRECT_OBJC_ISA_USAGE = YES_ERROR;
				CLANG_WARN_DOCUMENTATION_COMMENTS = YES;
				CLANG_WARN_EMPTY_BODY = YES;
				CLANG_WARN_ENUM_CONVERSION = YES;
				CLANG_WARN_INFINITE_RECURSION = YES;
				CLANG_WARN_INT_CONVERSION = YES;
				CLANG_WARN_NON_LITERAL_NULL_CONVERSION = YES;
				CLANG_WARN_OBJC_IMPLICIT_RETAIN_SELF = YES;
				CLANG_WARN_OBJC_LITERAL_CONVERSION = YES;
				CLANG_WARN_OBJC_ROOT_CLASS = YES_ERROR;
				CLANG_WARN_QUOTED_INCLUDE_IN_FRAMEWORK_HEADER = YES;
				CLANG_WARN_RANGE_LOOP_ANALYSIS = YES;
				CLANG_WARN_STRICT_PROTOTYPES = YES;
				CLANG_WARN_SUSPICIOUS_MOVE = YES;
				CLANG_WARN_UNGUARDED_AVAILABILITY = YES_AGGRESSIVE;
				CLANG_WARN_UNREACHABLE_CODE = YES;
				CLANG_WARN__DUPLICATE_METHOD_MATCH = YES;
				COPY_PHASE_STRIP = NO;
				DEBUG_INFORMATION_FORMAT = "dwarf-with-dsym";
				ENABLE_NS_ASSERTIONS = NO;
				ENABLE_STRICT_OBJC_MSGSEND = YES;
				GCC_C_LANGUAGE_STANDARD = gnu11;
				GCC_NO_COMMON_BLOCKS = YES;
				GCC_WARN_64_TO_32_BIT_CONVERSION = YES;
				GCC_WARN_ABOUT_RETURN_TYPE = YES_ERROR;
				GCC_WARN_UNDECLARED_SELECTOR = YES;
				GCC_WARN_UNINITIALIZED_AUTOS = YES_AGGRESSIVE;
				GCC_WARN_UNUSED_FUNCTION = YES;
				GCC_WARN_UNUSED_VARIABLE = YES;
				MACOSX_DEPLOYMENT_TARGET = 10.15;
				MTL_ENABLE_DEBUG_INFO = NO;
				MTL_FAST_MATH = YES;
				SDKROOT = macosx;
				SWIFT_COMPILATION_MODE = wholemodule;
				SWIFT_OPTIMIZATION_LEVEL = "-O";
			};
			name = Release;
		};
		C451F58D2539A2FB0002AA7E /* Debug */ = {
			isa = XCBuildConfiguration;
			buildSettings = {
				ASSETCATALOG_COMPILER_APPICON_NAME = AppIcon;
				ASSETCATALOG_COMPILER_GLOBAL_ACCENT_COLOR_NAME = AccentColor;
				CODE_SIGN_ENTITLEMENTS = test3/test3.entitlements;
				CODE_SIGN_STYLE = Automatic;
				COMBINE_HIDPI_IMAGES = YES;
				INFOPLIST_FILE = test3/Info.plist;
				LD_RUNPATH_SEARCH_PATHS = (
					"$(inherited)",
					"@executable_path/../Frameworks",
				);
				PRODUCT_BUNDLE_IDENTIFIER = com.hatsunefun.test3;
				PRODUCT_NAME = "$(TARGET_NAME)";
				SWIFT_VERSION = 5.0;
			};
			name = Debug;
		};
		C451F58E2539A2FB0002AA7E /* Release */ = {
			isa = XCBuildConfiguration;
			buildSettings = {
				ASSETCATALOG_COMPILER_APPICON_NAME = AppIcon;
				ASSETCATALOG_COMPILER_GLOBAL_ACCENT_COLOR_NAME = AccentColor;
				CODE_SIGN_ENTITLEMENTS = test3/test3.entitlements;
				CODE_SIGN_STYLE = Automatic;
				COMBINE_HIDPI_IMAGES = YES;
				INFOPLIST_FILE = test3/Info.plist;
				LD_RUNPATH_SEARCH_PATHS = (
					"$(inherited)",
					"@executable_path/../Frameworks",
				);
				PRODUCT_BUNDLE_IDENTIFIER = com.hatsunefun.test3;
				PRODUCT_NAME = "$(TARGET_NAME)";
				SWIFT_VERSION = 5.0;
			};
			name = Release;
		};
		C451F5902539A2FB0002AA7E /* Debug */ = {
			isa = XCBuildConfiguration;
			buildSettings = {
				ALWAYS_EMBED_SWIFT_STANDARD_LIBRARIES = YES;
				BUNDLE_LOADER = "$(TEST_HOST)";
				CODE_SIGN_STYLE = Automatic;
				COMBINE_HIDPI_IMAGES = YES;
				INFOPLIST_FILE = test3Tests/Info.plist;
				LD_RUNPATH_SEARCH_PATHS = (
					"$(inherited)",
					"@executable_path/../Frameworks",
					"@loader_path/../Frameworks",
				);
				MACOSX_DEPLOYMENT_TARGET = 10.15;
				PRODUCT_BUNDLE_IDENTIFIER = com.hatsunefun.test3Tests;
				PRODUCT_NAME = "$(TARGET_NAME)";
				SWIFT_VERSION = 5.0;
				TEST_HOST = "$(BUILT_PRODUCTS_DIR)/test3.app/Contents/MacOS/test3";
			};
			name = Debug;
		};
		C451F5912539A2FB0002AA7E /* Release */ = {
			isa = XCBuildConfiguration;
			buildSettings = {
				ALWAYS_EMBED_SWIFT_STANDARD_LIBRARIES = YES;
				BUNDLE_LOADER = "$(TEST_HOST)";
				CODE_SIGN_STYLE = Automatic;
				COMBINE_HIDPI_IMAGES = YES;
				INFOPLIST_FILE = test3Tests/Info.plist;
				LD_RUNPATH_SEARCH_PATHS = (
					"$(inherited)",
					"@executable_path/../Frameworks",
					"@loader_path/../Frameworks",
				);
				MACOSX_DEPLOYMENT_TARGET = 10.15;
				PRODUCT_BUNDLE_IDENTIFIER = com.hatsunefun.test3Tests;
				PRODUCT_NAME = "$(TARGET_NAME)";
				SWIFT_VERSION = 5.0;
				TEST_HOST = "$(BUILT_PRODUCTS_DIR)/test3.app/Contents/MacOS/test3";
			};
			name = Release;
		};
		C451F5932539A2FB0002AA7E /* Debug */ = {
			isa = XCBuildConfiguration;
			buildSettings = {
				ALWAYS_EMBED_SWIFT_STANDARD_LIBRARIES = YES;
				CODE_SIGN_STYLE = Automatic;
				COMBINE_HIDPI_IMAGES = YES;
				INFOPLIST_FILE = test3UITests/Info.plist;
				LD_RUNPATH_SEARCH_PATHS = (
					"$(inherited)",
					"@executable_path/../Frameworks",
					"@loader_path/../Frameworks",
				);
				PRODUCT_BUNDLE_IDENTIFIER = com.hatsunefun.test3UITests;
				PRODUCT_NAME = "$(TARGET_NAME)";
				SWIFT_VERSION = 5.0;
				TEST_TARGET_NAME = test3;
			};
			name = Debug;
		};
		C451F5942539A2FB0002AA7E /* Release */ = {
			isa = XCBuildConfiguration;
			buildSettings = {
				ALWAYS_EMBED_SWIFT_STANDARD_LIBRARIES = YES;
				CODE_SIGN_STYLE = Automatic;
				COMBINE_HIDPI_IMAGES = YES;
				INFOPLIST_FILE = test3UITests/Info.plist;
				LD_RUNPATH_SEARCH_PATHS = (
					"$(inherited)",
					"@executable_path/../Frameworks",
					"@loader_path/../Frameworks",
				);
				PRODUCT_BUNDLE_IDENTIFIER = com.hatsunefun.test3UITests;
				PRODUCT_NAME = "$(TARGET_NAME)";
				SWIFT_VERSION = 5.0;
				TEST_TARGET_NAME = test3;
			};
			name = Release;
		};
/* End XCBuildConfiguration section */

/* Begin XCConfigurationList section */
		C451F5612539A2F80002AA7E /* Build configuration list for PBXProject "test3" */ = {
			isa = XCConfigurationList;
			buildConfigurations = (
				C451F58A2539A2FB0002AA7E /* Debug */,
				C451F58B2539A2FB0002AA7E /* Release */,
			);
			defaultConfigurationIsVisible = 0;
			defaultConfigurationName = Release;
		};
		C451F58C2539A2FB0002AA7E /* Build configuration list for PBXNativeTarget "test3" */ = {
			isa = XCConfigurationList;
			buildConfigurations = (
				C451F58D2539A2FB0002AA7E /* Debug */,
				C451F58E2539A2FB0002AA7E /* Release */,
			);
			defaultConfigurationIsVisible = 0;
			defaultConfigurationName = Release;
		};
		C451F58F2539A2FB0002AA7E /* Build configuration list for PBXNativeTarget "test3Tests" */ = {
			isa = XCConfigurationList;
			buildConfigurations = (
				C451F5902539A2FB0002AA7E /* Debug */,
				C451F5912539A2FB0002AA7E /* Release */,
			);
			defaultConfigurationIsVisible = 0;
			defaultConfigurationName = Release;
		};
		C451F5922539A2FB0002AA7E /* Build configuration list for PBXNativeTarget "test3UITests" */ = {
			isa = XCConfigurationList;
			buildConfigurations = (
				C451F5932539A2FB0002AA7E /* Debug */,
				C451F5942539A2FB0002AA7E /* Release */,
			);
			defaultConfigurationIsVisible = 0;
			defaultConfigurationName = Release;
		};
/* End XCConfigurationList section */
	};
	rootObject = C451F55E2539A2F80002AA7E /* Project object */;
}
